<?xml version="1.0" encoding="UTF-8"?>
<Scheme
   version = "1.3">
   <BuildAction>
      <BuildActionEntries>
         <BuildActionEntry
            buildForRunning = "YES">
            <BuildableReference
               BuildableIdentifier = "primary"
               BlueprintIdentifier = "08BDBF4F1BD0A47A00854578"
               BuildableName = "FCUtility.app"
               BlueprintName = "FCUtility"
               ReferencedContainer = "container:FCUtility.xcodeproj">
            </BuildableReference>
         </BuildActionEntry>
      </BuildActionEntries>
   </BuildAction>
   <LaunchAction
      useCustomWorkingDirectory = "NO"
      buildConfiguration = "Debug">
      <BuildableProductRunnable>
         <BuildableReference
            BuildableIdentifier = "primary"
            BlueprintIdentifier = "08BDBF4F1BD0A47A00854578"
            BuildableName = "FCUtility.app"
            BlueprintName = "FCUtility"
            ReferencedContainer = "container:FCUtility.xcodeproj">
         </BuildableReference>
      </BuildableProductRunnable>
   </LaunchAction>
</Scheme>
